
Microsoft Visual Studio Solution File, Format Version 12.00
# Visual Studio Version 17
VisualStudioVersion = 17.7.34221.43
MinimumVisualStudioVersion = 10.0.40219.1
Project("{FAE04EC0-301F-11D3-BF4B-00C04F79EFBC}") = "InterfaceExample", "InterfaceExample.csproj", "{BDDCFC85-7CF5-4758-94B1-0ABAC5EA1F13}"
EndProject
Global
	GlobalSection(SolutionConfigurationPlatforms) = preSolution
		Debug|Any CPU = Debug|Any CPU
		Release|Any CPU = Release|Any CPU
	EndGlobalSection
	GlobalSection(ProjectConfigurationPlatforms) = postSolution
		{BDDCFC85-7CF5-4758-94B1-0ABAC5EA1F13}.Debug|Any CPU.ActiveCfg = Debug|Any CPU
		{BDDCFC85-7CF5-4758-94B1-0ABAC5EA1F13}.Debug|Any CPU.Build.0 = Debug|Any CPU
		{BDDCFC85-7CF5-4758-94B1-0ABAC5EA1F13}.Release|Any CPU.ActiveCfg = Release|Any CPU
		{BDDCFC85-7CF5-4758-94B1-0ABAC5EA1F13}.Release|Any CPU.Build.0 = Release|Any CPU
	EndGlobalSection
	GlobalSection(SolutionProperties) = preSolution
		HideSolutionNode = FALSE
	EndGlobalSection
	GlobalSection(ExtensibilityGlobals) = postSolution
		SolutionGuid = {06A37074-E637-4A59-A732-17A79FA6594E}
	EndGlobalSection
EndGlobal
